
Microsoft Visual Studio Solution File, Format Version 12.00
# Visual Studio Version 17
VisualStudioVersion = 17.9.34622.214
MinimumVisualStudioVersion = 10.0.40219.1
Project("{FAE04EC0-301F-11D3-BF4B-00C04F79EFBC}") = "ConsoleApp4", "ConsoleApp4\ConsoleApp4.csproj", "{C5E120FF-28CE-4CFA-81E5-BFA7D41903DC}"
EndProject
Global
	GlobalSection(SolutionConfigurationPlatforms) = preSolution
		Debug|Any CPU = Debug|Any CPU
		Release|Any CPU = Release|Any CPU
	EndGlobalSection
	GlobalSection(ProjectConfigurationPlatforms) = postSolution
		{C5E120FF-28CE-4CFA-81E5-BFA7D41903DC}.Debug|Any CPU.ActiveCfg = Debug|Any CPU
		{C5E120FF-28CE-4CFA-81E5-BFA7D41903DC}.Debug|Any CPU.Build.0 = Debug|Any CPU
		{C5E120FF-28CE-4CFA-81E5-BFA7D41903DC}.Release|Any CPU.ActiveCfg = Release|Any CPU
		{C5E120FF-28CE-4CFA-81E5-BFA7D41903DC}.Release|Any CPU.Build.0 = Release|Any CPU
	EndGlobalSection
	GlobalSection(SolutionProperties) = preSolution
		HideSolutionNode = FALSE
	EndGlobalSection
	GlobalSection(ExtensibilityGlobals) = postSolution
		SolutionGuid = {EC6537A3-89BF-4E27-B93D-CEFE8994116E}
	EndGlobalSection
EndGlobal
